[
    {
        "key": "datr",
        "value": "doX_aBxY1nBRaJsdWh_UWKgj",
        "domain": "facebook.com",
        "path": "/",
        "hostOnly": false,
        "creation": "2025-10-27T19:45:12.393Z",
        "lastAccessed": "2025-10-27T19:45:12.394Z"
    },
    {
        "key": "ps_l",
        "value": "1",
        "domain": "facebook.com",
        "path": "/",
        "hostOnly": false,
        "creation": "2025-10-27T19:45:12.394Z",
        "lastAccessed": "2025-10-27T19:45:12.394Z"
    },
    {
        "key": "ps_n",
        "value": "1",
        "domain": "facebook.com",
        "path": "/",
        "hostOnly": false,
        "creation": "2025-10-27T19:45:12.394Z",
        "lastAccessed": "2025-10-27T19:45:12.394Z"
    },
    {
        "key": "sb",
        "value": "d4X_aJhPf-qq4gpqg9lYNmDR",
        "domain": "facebook.com",
        "path": "/",
        "hostOnly": false,
        "creation": "2025-10-27T19:45:12.394Z",
        "lastAccessed": "2025-10-27T19:45:12.394Z"
    },
    {
        "key": "c_user",
        "value": "61578723531794",
        "domain": "facebook.com",
        "path": "/",
        "hostOnly": false,
        "creation": "2025-10-27T19:45:12.394Z",
        "lastAccessed": "2025-10-27T19:45:12.394Z"
    },
    {
        "key": "xs",
        "value": "37%3AglE2jGElk-NXDA%3A2%3A1761577237%3A-1%3A-1",
        "domain": "facebook.com",
        "path": "/",
        "hostOnly": false,
        "creation": "2025-10-27T19:45:12.394Z",
        "lastAccessed": "2025-10-27T19:45:12.394Z"
    },
    {
        "key": "locale",
        "value": "en_US",
        "domain": "facebook.com",
        "path": "/",
        "hostOnly": false,
        "creation": "2025-10-27T19:45:12.394Z",
        "lastAccessed": "2025-10-27T19:45:12.394Z"
    },
    {
        "key": "pas",
        "value": "61578723531794%3A00ltKTgIVE",
        "domain": "facebook.com",
        "path": "/",
        "hostOnly": false,
        "creation": "2025-10-27T19:45:12.394Z",
        "lastAccessed": "2025-10-27T19:45:12.394Z"
    },
    {
        "key": "vpd",
        "value": "v1%3B674x360x2",
        "domain": "facebook.com",
        "path": "/",
        "hostOnly": false,
        "creation": "2025-10-27T19:45:12.394Z",
        "lastAccessed": "2025-10-27T19:45:12.394Z"
    },
    {
        "key": "fr",
        "value": "0jZls8zBW0UIvXgNa.AWfiXf6Nj9bvyll63c-xPIa8-zRRGAteVyaNL28TMONGKjj7cPY.Bo_4V3..AAA.0.0.Bo_75F.AWfvQmi_V7T2j2ZrQ0RysvsRAyM",
        "domain": "facebook.com",
        "path": "/",
        "hostOnly": false,
        "creation": "2025-10-27T19:45:12.395Z",
        "lastAccessed": "2025-10-27T19:45:12.395Z"
    },
    {
        "key": "fbl_st",
        "value": "101719151%3BT%3A29359904",
        "domain": "facebook.com",
        "path": "/",
        "hostOnly": false,
        "creation": "2025-10-27T19:45:12.395Z",
        "lastAccessed": "2025-10-27T19:45:12.395Z"
    },
    {
        "key": "wl_cbv",
        "value": "v2%3Bclient_version%3A2965%3Btimestamp%3A1761594247",
        "domain": "facebook.com",
        "path": "/",
        "hostOnly": false,
        "creation": "2025-10-27T19:45:12.395Z",
        "lastAccessed": "2025-10-27T19:45:12.395Z"
    }
]
